
Microsoft Visual Studio Solution File, Format Version 12.00
# Visual Studio Version 17
VisualStudioVersion = 17.2.32616.157
MinimumVisualStudioVersion = 10.0.40219.1
Project("{FAE04EC0-301F-11D3-BF4B-00C04F79EFBC}") = "EmployeeWebAPI", "EmployeeWebAPI\EmployeeWebAPI.csproj", "{DE1249EF-E211-4072-8312-7D046DB4BBB3}"
EndProject
Project("{FAE04EC0-301F-11D3-BF4B-00C04F79EFBC}") = "EmployeeFront", "EmployeeFront\EmployeeFront.csproj", "{3196F1EA-BA6B-4A69-A4DA-AB2992142433}"
EndProject
Global
	GlobalSection(SolutionConfigurationPlatforms) = preSolution
		Debug|Any CPU = Debug|Any CPU
		Release|Any CPU = Release|Any CPU
	EndGlobalSection
	GlobalSection(ProjectConfigurationPlatforms) = postSolution
		{DE1249EF-E211-4072-8312-7D046DB4BBB3}.Debug|Any CPU.ActiveCfg = Debug|Any CPU
		{DE1249EF-E211-4072-8312-7D046DB4BBB3}.Debug|Any CPU.Build.0 = Debug|Any CPU
		{DE1249EF-E211-4072-8312-7D046DB4BBB3}.Release|Any CPU.ActiveCfg = Release|Any CPU
		{DE1249EF-E211-4072-8312-7D046DB4BBB3}.Release|Any CPU.Build.0 = Release|Any CPU
		{3196F1EA-BA6B-4A69-A4DA-AB2992142433}.Debug|Any CPU.ActiveCfg = Debug|Any CPU
		{3196F1EA-BA6B-4A69-A4DA-AB2992142433}.Debug|Any CPU.Build.0 = Debug|Any CPU
		{3196F1EA-BA6B-4A69-A4DA-AB2992142433}.Release|Any CPU.ActiveCfg = Release|Any CPU
		{3196F1EA-BA6B-4A69-A4DA-AB2992142433}.Release|Any CPU.Build.0 = Release|Any CPU
	EndGlobalSection
	GlobalSection(SolutionProperties) = preSolution
		HideSolutionNode = FALSE
	EndGlobalSection
	GlobalSection(ExtensibilityGlobals) = postSolution
		SolutionGuid = {C97276C8-92BF-4F0D-8E56-FC5042608D5C}
	EndGlobalSection
EndGlobal
